PODS:
  - KNBaseWebViewController (0.1.3)

DEPENDENCIES:
  - KNBaseWebViewController

SPEC REPOS:
  https://github.com/zhangkn/Specs.git:
    - KNBaseWebViewController

SPEC CHECKSUMS:
  KNBaseWebViewController: 7e40501527145cb7ecaed37895e44c99c0da4deb

PODFILE CHECKSUM: 669fcb9d79c219ee716bdd053f8080e1c48c3372

COCOAPODS: 1.5.0
