// !$*UTF8*$!
{
	archiveVersion = 1;
	classes = {
	};
	objectVersion = 48;
	objects = {

/* Begin PBXBuildFile section */
		0BD0611DE6E7FA994716DF4E /* Pods_KNBaseWebViewControllerDemo.framework in Frameworks */ = {isa = PBXBuildFile; fileRef = 5E46D0EE5FB8B39EB93AF398 /* Pods_KNBaseWebViewControllerDemo.framework */; };
		E109485C20942FE400A1E659 /* AppDelegate.m in Sources */ = {isa = PBXBuildFile; fileRef = E109485B20942FE400A1E659 /* AppDelegate.m */; };
		E109485F20942FE400A1E659 /* ViewController.m in Sources */ = {isa = PBXBuildFile; fileRef = E109485E20942FE400A1E659 /* ViewController.m */; };
		E109486220942FE400A1E659 /* Main.storyboard in Resources */ = {isa = PBXBuildFile; fileRef = E109486020942FE400A1E659 /* Main.storyboard */; };
		E109486420942FE400A1E659 /* Assets.xcassets in Resources */ = {isa = PBXBuildFile; fileRef = E109486320942FE400A1E659 /* Assets.xcassets */; };
		E109486720942FE400A1E659 /* LaunchScreen.storyboard in Resources */ = {isa = PBXBuildFile; fileRef = E109486520942FE400A1E659 /* LaunchScreen.storyboard */; };
		E109486A20942FE400A1E659 /* main.m in Sources */ = {isa = PBXBuildFile; fileRef = E109486920942FE400A1E659 /* main.m */; };
/* End PBXBuildFile section */

/* Begin PBXFileReference section */
		5E46D0EE5FB8B39EB93AF398 /* Pods_KNBaseWebViewControllerDemo.framework */ = {isa = PBXFileReference; explicitFileType = wrapper.framework; includeInIndex = 0; path = Pods_KNBaseWebViewControllerDemo.framework; sourceTree = BUILT_PRODUCTS_DIR; };
		61FBD36346A6AF4F3166A9BF /* Pods-KNBaseWebViewControllerDemo.release.xcconfig */ = {isa = PBXFileReference; includeInIndex = 1; lastKnownFileType = text.xcconfig; name = "Pods-KNBaseWebViewControllerDemo.release.xcconfig"; path = "Pods/Target Support Files/Pods-KNBaseWebViewControllerDemo/Pods-KNBaseWebViewControllerDemo.release.xcconfig"; sourceTree = "<group>"; };
		BED0D9E1A04490FD4D6BE695 /* Pods-KNBaseWebViewControllerDemo.debug.xcconfig */ = {isa = PBXFileReference; includeInIndex = 1; lastKnownFileType = text.xcconfig; name = "Pods-KNBaseWebViewControllerDemo.debug.xcconfig"; path = "Pods/Target Support Files/Pods-KNBaseWebViewControllerDemo/Pods-KNBaseWebViewControllerDemo.debug.xcconfig"; sourceTree = "<group>"; };
		E109485720942FE400A1E659 /* KNBaseWebViewControllerDemo.app */ = {isa = PBXFileReference; explicitFileType = wrapper.application; includeInIndex = 0; path = KNBaseWebViewControllerDemo.app; sourceTree = BUILT_PRODUCTS_DIR; };
		E109485A20942FE400A1E659 /* AppDelegate.h */ = {isa = PBXFileReference; lastKnownFileType = sourcecode.c.h; path = AppDelegate.h; sourceTree = "<group>"; };
		E109485B20942FE400A1E659 /* AppDelegate.m */ = {isa = PBXFileReference; lastKnownFileType = sourcecode.c.objc; path = AppDelegate.m; sourceTree = "<group>"; };
		E109485D20942FE400A1E659 /* ViewController.h */ = {isa = PBXFileReference; lastKnownFileType = sourcecode.c.h; path = ViewController.h; sourceTree = "<group>"; };
		E109485E20942FE400A1E659 /* ViewController.m */ = {isa = PBXFileReference; lastKnownFileType = sourcecode.c.objc; path = ViewController.m; sourceTree = "<group>"; };
		E109486120942FE400A1E659 /* Base */ = {isa = PBXFileReference; lastKnownFileType = file.storyboard; name = Base; path = Base.lproj/Main.storyboard; sourceTree = "<group>"; };
		E109486320942FE400A1E659 /* Assets.xcassets */ = {isa = PBXFileReference; lastKnownFileType = folder.assetcatalog; path = Assets.xcassets; sourceTree = "<group>"; };
		E109486620942FE400A1E659 /* Base */ = {isa = PBXFileReference; lastKnownFileType = file.storyboard; name = Base; path = Base.lproj/LaunchScreen.storyboard; sourceTree = "<group>"; };
		E109486820942FE400A1E659 /* Info.plist */ = {isa = PBXFileReference; lastKnownFileType = text.plist.xml; path = Info.plist; sourceTree = "<group>"; };
		E109486920942FE400A1E659 /* main.m */ = {isa = PBXFileReference; lastKnownFileType = sourcecode.c.objc; path = main.m; sourceTree = "<group>"; };
/* End PBXFileReference section */

/* Begin PBXFrameworksBuildPhase section */
		E109485420942FE400A1E659 /* Frameworks */ = {
			isa = PBXFrameworksBuildPhase;
			buildActionMask = 2147483647;
			files = (
				0BD0611DE6E7FA994716DF4E /* Pods_KNBaseWebViewControllerDemo.framework in Frameworks */,
			);
			runOnlyForDeploymentPostprocessing = 0;
		};
/* End PBXFrameworksBuildPhase section */

/* Begin PBXGroup section */
		31CDD95DC41DEF0BA1FE869C /* Frameworks */ = {
			isa = PBXGroup;
			children = (
				5E46D0EE5FB8B39EB93AF398 /* Pods_KNBaseWebViewControllerDemo.framework */,
			);
			name = Frameworks;
			sourceTree = "<group>";
		};
		AB174147DD96A5858407790B /* Pods */ = {
			isa = PBXGroup;
			children = (
				BED0D9E1A04490FD4D6BE695 /* Pods-KNBaseWebViewControllerDemo.debug.xcconfig */,
				61FBD36346A6AF4F3166A9BF /* Pods-KNBaseWebViewControllerDemo.release.xcconfig */,
			);
			name = Pods;
			sourceTree = "<group>";
		};
		E109484E20942FE400A1E659 = {
			isa = PBXGroup;
			children = (
				E109485920942FE400A1E659 /* KNBaseWebViewControllerDemo */,
				E109485820942FE400A1E659 /* Products */,
				AB174147DD96A5858407790B /* Pods */,
				31CDD95DC41DEF0BA1FE869C /* Frameworks */,
			);
			sourceTree = "<group>";
		};
		E109485820942FE400A1E659 /* Products */ = {
			isa = PBXGroup;
			children = (
				E109485720942FE400A1E659 /* KNBaseWebViewControllerDemo.app */,
			);
			name = Products;
			sourceTree = "<group>";
		};
		E109485920942FE400A1E659 /* KNBaseWebViewControllerDemo */ = {
			isa = PBXGroup;
			children = (
				E109485A20942FE400A1E659 /* AppDelegate.h */,
				E109485B20942FE400A1E659 /* AppDelegate.m */,
				E109485D20942FE400A1E659 /* ViewController.h */,
				E109485E20942FE400A1E659 /* ViewController.m */,
				E109486020942FE400A1E659 /* Main.storyboard */,
				E109486320942FE400A1E659 /* Assets.xcassets */,
				E109486520942FE400A1E659 /* LaunchScreen.storyboard */,
				E109486820942FE400A1E659 /* Info.plist */,
				E109486920942FE400A1E659 /* main.m */,
			);
			path = KNBaseWebViewControllerDemo;
			sourceTree = "<group>";
		};
/* End PBXGroup section */

/* Begin PBXNativeTarget section */
		E109485620942FE400A1E659 /* KNBaseWebViewControllerDemo */ = {
			isa = PBXNativeTarget;
			buildConfigurationList = E109486D20942FE400A1E659 /* Build configuration list for PBXNativeTarget "KNBaseWebViewControllerDemo" */;
			buildPhases = (
				15E88F5F14EDC6BA9499F56E /* [CP] Check Pods Manifest.lock */,
				E109485320942FE400A1E659 /* Sources */,
				E109485420942FE400A1E659 /* Frameworks */,
				E109485520942FE400A1E659 /* Resources */,
				9138BE4137097FDE15FA343C /* [CP] Embed Pods Frameworks */,
			);
			buildRules = (
			);
			dependencies = (
			);
			name = KNBaseWebViewControllerDemo;
			productName = KNBaseWebViewControllerDemo;
			productReference = E109485720942FE400A1E659 /* KNBaseWebViewControllerDemo.app */;
			productType = "com.apple.product-type.application";
		};
/* End PBXNativeTarget section */

/* Begin PBXProject section */
		E109484F20942FE400A1E659 /* Project object */ = {
			isa = PBXProject;
			attributes = {
				LastUpgradeCheck = 0910;
				ORGANIZATIONNAME = devzkn;
				TargetAttributes = {
					E109485620942FE400A1E659 = {
						CreatedOnToolsVersion = 9.1;
						ProvisioningStyle = Automatic;
					};
				};
			};
			buildConfigurationList = E109485220942FE400A1E659 /* Build configuration list for PBXProject "KNBaseWebViewControllerDemo" */;
			compatibilityVersion = "Xcode 8.0";
			developmentRegion = en;
			hasScannedForEncodings = 0;
			knownRegions = (
				en,
				Base,
			);
			mainGroup = E109484E20942FE400A1E659;
			productRefGroup = E109485820942FE400A1E659 /* Products */;
			projectDirPath = "";
			projectRoot = "";
			targets = (
				E109485620942FE400A1E659 /* KNBaseWebViewControllerDemo */,
			);
		};
/* End PBXProject section */

/* Begin PBXResourcesBuildPhase section */
		E109485520942FE400A1E659 /* Resources */ = {
			isa = PBXResourcesBuildPhase;
			buildActionMask = 2147483647;
			files = (
				E109486720942FE400A1E659 /* LaunchScreen.storyboard in Resources */,
				E109486420942FE400A1E659 /* Assets.xcassets in Resources */,
				E109486220942FE400A1E659 /* Main.storyboard in Resources */,
			);
			runOnlyForDeploymentPostprocessing = 0;
		};
/* End PBXResourcesBuildPhase section */

/* Begin PBXShellScriptBuildPhase section */
		15E88F5F14EDC6BA9499F56E /* [CP] Check Pods Manifest.lock */ = {
			isa = PBXShellScriptBuildPhase;
			buildActionMask = 2147483647;
			files = (
			);
			inputPaths = (
				"${PODS_PODFILE_DIR_PATH}/Podfile.lock",
				"${PODS_ROOT}/Manifest.lock",
			);
			name = "[CP] Check Pods Manifest.lock";
			outputPaths = (
				"$(DERIVED_FILE_DIR)/Pods-KNBaseWebViewControllerDemo-checkManifestLockResult.txt",
			);
			runOnlyForDeploymentPostprocessing = 0;
			shellPath = /bin/sh;
			shellScript = "diff \"${PODS_PODFILE_DIR_PATH}/Podfile.lock\" \"${PODS_ROOT}/Manifest.lock\" > /dev/null\nif [ $? != 0 ] ; then\n    # print error to STDERR\n    echo \"error: The sandbox is not in sync with the Podfile.lock. Run 'pod install' or update your CocoaPods installation.\" >&2\n    exit 1\nfi\n# This output is used by Xcode 'outputs' to avoid re-running this script phase.\necho \"SUCCESS\" > \"${SCRIPT_OUTPUT_FILE_0}\"\n";
			showEnvVarsInLog = 0;
		};
		9138BE4137097FDE15FA343C /* [CP] Embed Pods Frameworks */ = {
			isa = PBXShellScriptBuildPhase;
			buildActionMask = 2147483647;
			files = (
			);
			inputPaths = (
				"${SRCROOT}/Pods/Target Support Files/Pods-KNBaseWebViewControllerDemo/Pods-KNBaseWebViewControllerDemo-frameworks.sh",
				"${BUILT_PRODUCTS_DIR}/KNBaseWebViewController/KNBaseWebViewController.framework",
			);
			name = "[CP] Embed Pods Frameworks";
			outputPaths = (
				"${TARGET_BUILD_DIR}/${FRAMEWORKS_FOLDER_PATH}/KNBaseWebViewController.framework",
			);
			runOnlyForDeploymentPostprocessing = 0;
			shellPath = /bin/sh;
			shellScript = "\"${SRCROOT}/Pods/Target Support Files/Pods-KNBaseWebViewControllerDemo/Pods-KNBaseWebViewControllerDemo-frameworks.sh\"\n";
			showEnvVarsInLog = 0;
		};
/* End PBXShellScriptBuildPhase section */

/* Begin PBXSourcesBuildPhase section */
		E109485320942FE400A1E659 /* Sources */ = {
			isa = PBXSourcesBuildPhase;
			buildActionMask = 2147483647;
			files = (
				E109485F20942FE400A1E659 /* ViewController.m in Sources */,
				E109486A20942FE400A1E659 /* main.m in Sources */,
				E109485C20942FE400A1E659 /* AppDelegate.m in Sources */,
			);
			runOnlyForDeploymentPostprocessing = 0;
		};
/* End PBXSourcesBuildPhase section */

/* Begin PBXVariantGroup section */
		E109486020942FE400A1E659 /* Main.storyboard */ = {
			isa = PBXVariantGroup;
			children = (
				E109486120942FE400A1E659 /* Base */,
			);
			name = Main.storyboard;
			sourceTree = "<group>";
		};
		E109486520942FE400A1E659 /* LaunchScreen.storyboard */ = {
			isa = PBXVariantGroup;
			children = (
				E109486620942FE400A1E659 /* Base */,
			);
			name = LaunchScreen.storyboard;
			sourceTree = "<group>";
		};
/* End PBXVariantGroup section */

/* Begin XCBuildConfiguration section */
		E109486B20942FE400A1E659 /* Debug */ = {
			isa = XCBuildConfiguration;
			buildSettings = {
				ALWAYS_SEARCH_USER_PATHS = NO;
				CLANG_ANALYZER_NONNULL = YES;
				CLANG_ANALYZER_NUMBER_OBJECT_CONVERSION = YES_AGGRESSIVE;
				CLANG_CXX_LANGUAGE_STANDARD = "gnu++14";
				CLANG_CXX_LIBRARY = "libc++";
				CLANG_ENABLE_MODULES = YES;
				CLANG_ENABLE_OBJC_ARC = YES;
				CLANG_WARN_BLOCK_CAPTURE_AUTORELEASING = YES;
				CLANG_WARN_BOOL_CONVERSION = YES;
				CLANG_WARN_COMMA = YES;
				CLANG_WARN_CONSTANT_CONVERSION = YES;
				CLANG_WARN_DIRECT_OBJC_ISA_USAGE = YES_ERROR;
				CLANG_WARN_DOCUMENTATION_COMMENTS = YES;
				CLANG_WARN_EMPTY_BODY = YES;
				CLANG_WARN_ENUM_CONVERSION = YES;
				CLANG_WARN_INFINITE_RECURSION = YES;
				CLANG_WARN_INT_CONVERSION = YES;
				CLANG_WARN_NON_LITERAL_NULL_CONVERSION = YES;
				CLANG_WARN_OBJC_LITERAL_CONVERSION = YES;
				CLANG_WARN_OBJC_ROOT_CLASS = YES_ERROR;
				CLANG_WARN_RANGE_LOOP_ANALYSIS = YES;
				CLANG_WARN_STRICT_PROTOTYPES = YES;
				CLANG_WARN_SUSPICIOUS_MOVE = YES;
				CLANG_WARN_UNGUARDED_AVAILABILITY = YES_AGGRESSIVE;
				CLANG_WARN_UNREACHABLE_CODE = YES;
				CLANG_WARN__DUPLICATE_METHOD_MATCH = YES;
				CODE_SIGN_IDENTITY = "iPhone Developer";
				COPY_PHASE_STRIP = NO;
				DEBUG_INFORMATION_FORMAT = dwarf;
				ENABLE_STRICT_OBJC_MSGSEND = YES;
				ENABLE_TESTABILITY = YES;
				GCC_C_LANGUAGE_STANDARD = gnu11;
				GCC_DYNAMIC_NO_PIC = NO;
				GCC_NO_COMMON_BLOCKS = YES;
				GCC_OPTIMIZATION_LEVEL = 0;
				GCC_PREPROCESSOR_DEFINITIONS = (
					"DEBUG=1",
					"$(inherited)",
				);
				GCC_WARN_64_TO_32_BIT_CONVERSION = YES;
				GCC_WARN_ABOUT_RETURN_TYPE = YES_ERROR;
				GCC_WARN_UNDECLARED_SELECTOR = YES;
				GCC_WARN_UNINITIALIZED_AUTOS = YES_AGGRESSIVE;
				GCC_WARN_UNUSED_FUNCTION = YES;
				GCC_WARN_UNUSED_VARIABLE = YES;
				IPHONEOS_DEPLOYMENT_TARGET = 11.1;
				MTL_ENABLE_DEBUG_INFO = YES;
				ONLY_ACTIVE_ARCH = YES;
				SDKROOT = iphoneos;
			};
			name = Debug;
		};
		E109486C20942FE400A1E659 /* Release */ = {
			isa = XCBuildConfiguration;
			buildSettings = {
				ALWAYS_SEARCH_USER_PATHS = NO;
				CLANG_ANALYZER_NONNULL = YES;
				CLANG_ANALYZER_NUMBER_OBJECT_CONVERSION = YES_AGGRESSIVE;
				CLANG_CXX_LANGUAGE_STANDARD = "gnu++14";
				CLANG_CXX_LIBRARY = "libc++";
				CLANG_ENABLE_MODULES = YES;
				CLANG_ENABLE_OBJC_ARC = YES;
				CLANG_WARN_BLOCK_CAPTURE_AUTORELEASING = YES;
				CLANG_WARN_BOOL_CONVERSION = YES;
				CLANG_WARN_COMMA = YES;
				CLANG_WARN_CONSTANT_CONVERSION = YES;
				CLANG_WARN_DIRECT_OBJC_ISA_USAGE = YES_ERROR;
				CLANG_WARN_DOCUMENTATION_COMMENTS = YES;
				CLANG_WARN_EMPTY_BODY = YES;
				CLANG_WARN_ENUM_CONVERSION = YES;
				CLANG_WARN_INFINITE_RECURSION = YES;
				CLANG_WARN_INT_CONVERSION = YES;
				CLANG_WARN_NON_LITERAL_NULL_CONVERSION = YES;
				CLANG_WARN_OBJC_LITERAL_CONVERSION = YES;
				CLANG_WARN_OBJC_ROOT_CLASS = YES_ERROR;
				CLANG_WARN_RANGE_LOOP_ANALYSIS = YES;
				CLANG_WARN_STRICT_PROTOTYPES = YES;
				CLANG_WARN_SUSPICIOUS_MOVE = YES;
				CLANG_WARN_UNGUARDED_AVAILABILITY = YES_AGGRESSIVE;
				CLANG_WARN_UNREACHABLE_CODE = YES;
				CLANG_WARN__DUPLICATE_METHOD_MATCH = YES;
				CODE_SIGN_IDENTITY = "iPhone Developer";
				COPY_PHASE_STRIP = NO;
				DEBUG_INFORMATION_FORMAT = "dwarf-with-dsym";
				ENABLE_NS_ASSERTIONS = NO;
				ENABLE_STRICT_OBJC_MSGSEND = YES;
				GCC_C_LANGUAGE_STANDARD = gnu11;
				GCC_NO_COMMON_BLOCKS = YES;
				GCC_WARN_64_TO_32_BIT_CONVERSION = YES;
				GCC_WARN_ABOUT_RETURN_TYPE = YES_ERROR;
				GCC_WARN_UNDECLARED_SELECTOR = YES;
				GCC_WARN_UNINITIALIZED_AUTOS = YES_AGGRESSIVE;
				GCC_WARN_UNUSED_FUNCTION = YES;
				GCC_WARN_UNUSED_VARIABLE = YES;
				IPHONEOS_DEPLOYMENT_TARGET = 11.1;
				MTL_ENABLE_DEBUG_INFO = NO;
				SDKROOT = iphoneos;
				VALIDATE_PRODUCT = YES;
			};
			name = Release;
		};
		E109486E20942FE400A1E659 /* Debug */ = {
			isa = XCBuildConfiguration;
			baseConfigurationReference = BED0D9E1A04490FD4D6BE695 /* Pods-KNBaseWebViewControllerDemo.debug.xcconfig */;
			buildSettings = {
				ASSETCATALOG_COMPILER_APPICON_NAME = AppIcon;
				CODE_SIGN_STYLE = Automatic;
				DEVELOPMENT_TEAM = UVWU8XCYJX;
				INFOPLIST_FILE = KNBaseWebViewControllerDemo/Info.plist;
				LD_RUNPATH_SEARCH_PATHS = "$(inherited) @executable_path/Frameworks";
				PRODUCT_BUNDLE_IDENTIFIER = kunnan.KNBaseWebViewControllerDemo;
				PRODUCT_NAME = "$(TARGET_NAME)";
				TARGETED_DEVICE_FAMILY = "1,2";
			};
			name = Debug;
		};
		E109486F20942FE400A1E659 /* Release */ = {
			isa = XCBuildConfiguration;
			baseConfigurationReference = 61FBD36346A6AF4F3166A9BF /* Pods-KNBaseWebViewControllerDemo.release.xcconfig */;
			buildSettings = {
				ASSETCATALOG_COMPILER_APPICON_NAME = AppIcon;
				CODE_SIGN_STYLE = Automatic;
				DEVELOPMENT_TEAM = UVWU8XCYJX;
				INFOPLIST_FILE = KNBaseWebViewControllerDemo/Info.plist;
				LD_RUNPATH_SEARCH_PATHS = "$(inherited) @executable_path/Frameworks";
				PRODUCT_BUNDLE_IDENTIFIER = kunnan.KNBaseWebViewControllerDemo;
				PRODUCT_NAME = "$(TARGET_NAME)";
				TARGETED_DEVICE_FAMILY = "1,2";
			};
			name = Release;
		};
/* End XCBuildConfiguration section */

/* Begin XCConfigurationList section */
		E109485220942FE400A1E659 /* Build configuration list for PBXProject "KNBaseWebViewControllerDemo" */ = {
			isa = XCConfigurationList;
			buildConfigurations = (
				E109486B20942FE400A1E659 /* Debug */,
				E109486C20942FE400A1E659 /* Release */,
			);
			defaultConfigurationIsVisible = 0;
			defaultConfigurationName = Release;
		};
		E109486D20942FE400A1E659 /* Build configuration list for PBXNativeTarget "KNBaseWebViewControllerDemo" */ = {
			isa = XCConfigurationList;
			buildConfigurations = (
				E109486E20942FE400A1E659 /* Debug */,
				E109486F20942FE400A1E659 /* Release */,
			);
			defaultConfigurationIsVisible = 0;
			defaultConfigurationName = Release;
		};
/* End XCConfigurationList section */
	};
	rootObject = E109484F20942FE400A1E659 /* Project object */;
}
